
Microsoft Visual Studio Solution File, Format Version 12.00
Project("{FAE04EC0-301F-11D3-BF4B-00C04F79EFBC}") = "comp4945assignment3", "comp4945assignment3\comp4945assignment3.csproj", "{CE0F4BA5-2001-499C-9EC2-97D3BF0325B2}"
EndProject
Global
	GlobalSection(SolutionConfigurationPlatforms) = preSolution
		Debug|Any CPU = Debug|Any CPU
		Release|Any CPU = Release|Any CPU
	EndGlobalSection
	GlobalSection(ProjectConfigurationPlatforms) = postSolution
		{CE0F4BA5-2001-499C-9EC2-97D3BF0325B2}.Debug|Any CPU.ActiveCfg = Debug|Any CPU
		{CE0F4BA5-2001-499C-9EC2-97D3BF0325B2}.Debug|Any CPU.Build.0 = Debug|Any CPU
		{CE0F4BA5-2001-499C-9EC2-97D3BF0325B2}.Release|Any CPU.ActiveCfg = Release|Any CPU
		{CE0F4BA5-2001-499C-9EC2-97D3BF0325B2}.Release|Any CPU.Build.0 = Release|Any CPU
	EndGlobalSection
EndGlobal
